{
  "name": "scriptable-ios-utils",
  "version": "1.0.0",
  "lockfileVersion": 3,
  "requires": true,
  "packages": {
    "": {
      "name": "scriptable-ios-utils",
      "version": "1.0.0",
      "license": "ISC",
      "devDependencies": {
        "@types/scriptable-ios": "^1.7.9"
      }
    },
    "node_modules/@types/scriptable-ios": {
      "version": "1.7.9",
      "resolved": "https://registry.npmjs.org/@types/scriptable-ios/-/scriptable-ios-1.7.9.tgz",
      "integrity": "sha512-adyPCwQA4G7jWBoGbj4iK3fHX1J6PnwsXMMB7kaEtJCYEuZLErRucahoYP76ksACvowdW6wgjOvOSqU5Eu6Ksg==",
      "dev": true,
      "license": "MIT"
    }
  }
}
